Microsoft Visual Studio Solution File, Format Version 12.00
# Visual Studio Version 17
VisualStudioVersion = 17.10.34723.18
MinimumVisualStudioVersion = 10.0.40219.1
Project("{FAE04EC0-301F-11D3-BF4B-00C04F79EFBC}") = "Practix.Api", "apps/api/Practix.Api.csproj", "{9B9E4E08-DBA4-4BDF-B7E3-FA46BFEA925A}"
EndProject
Project("{FAE04EC0-301F-11D3-BF4B-00C04F79EFBC}") = "StripeWebhook", "functions/StripeWebhook/StripeWebhook.csproj", "{ECC862EA-AE01-4D79-9867-BECD8C2F8EA0}"
EndProject
Global
    GlobalSection(SolutionConfigurationPlatforms) = preSolution
        Debug|Any CPU = Debug|Any CPU
        Release|Any CPU = Release|Any CPU
    EndGlobalSection
    GlobalSection(ProjectConfigurationPlatforms) = postSolution
        {9B9E4E08-DBA4-4BDF-B7E3-FA46BFEA925A}.Debug|Any CPU.ActiveCfg = Debug|Any CPU
        {9B9E4E08-DBA4-4BDF-B7E3-FA46BFEA925A}.Debug|Any CPU.Build.0 = Debug|Any CPU
        {9B9E4E08-DBA4-4BDF-B7E3-FA46BFEA925A}.Release|Any CPU.ActiveCfg = Release|Any CPU
        {9B9E4E08-DBA4-4BDF-B7E3-FA46BFEA925A}.Release|Any CPU.Build.0 = Release|Any CPU
        {ECC862EA-AE01-4D79-9867-BECD8C2F8EA0}.Debug|Any CPU.ActiveCfg = Debug|Any CPU
        {ECC862EA-AE01-4D79-9867-BECD8C2F8EA0}.Debug|Any CPU.Build.0 = Debug|Any CPU
        {ECC862EA-AE01-4D79-9867-BECD8C2F8EA0}.Release|Any CPU.ActiveCfg = Release|Any CPU
        {ECC862EA-AE01-4D79-9867-BECD8C2F8EA0}.Release|Any CPU.Build.0 = Release|Any CPU
    EndGlobalSection
    GlobalSection(SolutionProperties) = preSolution
        HideSolutionNode = FALSE
    EndGlobalSection
    GlobalSection(ExtensibilityGlobals) = postSolution
        SolutionGuid = {A122667F-8125-4DBB-A422-008FD2EB5C7E}
    EndGlobalSection
EndGlobal
